{
  "lockfileVersion": 1,
  "workspaces": {
    "": {
      "name": "mindpeeker-sdk",
      "devDependencies": {
        "@biomejs/biome": "^2.0.0",
        "@types/bun": "^1.2.0",
        "@types/node": "^24.0.0",
        "typescript": "^5.5.0",
      },
    },
    "packages/entropy": {
      "name": "@mindpeeker/entropy",
      "version": "0.1.0",
    },
    "packages/flow": {
      "name": "@mindpeeker/flow",
      "version": "0.1.0",
    },
    "packages/negentropy": {
      "name": "@mindpeeker/negentropy",
      "version": "0.1.0",
    },
    "packages/oracle": {
      "name": "@mindpeeker/oracle",
      "version": "0.1.0",
    },
    "packages/psi": {
      "name": "@mindpeeker/psi",
      "version": "0.1.0",
      "dependencies": {
        "@mindpeeker/negentropy": "workspace:*",
      },
    },
    "packages/rate": {
      "name": "@mindpeeker/rate",
      "version": "0.1.0",
    },
    "packages/vdf": {
      "name": "@mindpeeker/vdf",
      "version": "0.1.0",
    },
    "packages/visualizer": {
      "name": "@mindpeeker/visualizer",
      "version": "0.1.0",
      "bin": {
        "mindpeeker-viz": "./dist/cli.js",
      },
      "dependencies": {
        "@mindpeeker/entropy": "workspace:*",
        "@mindpeeker/negentropy": "workspace:*",
      },
    },
  },
  "packages": {
    "@biomejs/biome": ["@biomejs/biome@2.5.2", "", { "optionalDependencies": { "@biomejs/cli-darwin-arm64": "2.5.2", "@biomejs/cli-darwin-x64": "2.5.2", "@biomejs/cli-linux-arm64": "2.5.2", "@biomejs/cli-linux-arm64-musl": "2.5.2", "@biomejs/cli-linux-x64": "2.5.2", "@biomejs/cli-linux-x64-musl": "2.5.2", "@biomejs/cli-win32-arm64": "2.5.2", "@biomejs/cli-win32-x64": "2.5.2" }, "bin": { "biome": "bin/biome" } }, "sha512-VQ3RCqr7JmDIX+w6stWYl+g/3bYofN3q2wDBHUKKc/c7i5QWrFKFBZYCYPWTE6agsUPMIZZe6/CMmVUfUAhkKA=="],

    "@biomejs/cli-darwin-arm64": ["@biomejs/cli-darwin-arm64@2.5.2", "", { "os": "darwin", "cpu": "arm64" }, "sha512-e7P3P7EkwFc/KiX2AHw4YDLIBOMfG9CPCAwy52k5Bp0dfhkozx9hf6wCmIr2QeXy2XeccJ3V/Sg+hDmzYEqxSg=="],

    "@biomejs/cli-darwin-x64": ["@biomejs/cli-darwin-x64@2.5.2", "", { "os": "darwin", "cpu": "x64" }, "sha512-ymzMvjC1Jg0b9K0D26ZdARqFQXs7MocfLC5FOCGfkC0Ss+ACUJkX5364ZM5nT4NLZanHRZNVrZEy+Ibwcvux/g=="],

    "@biomejs/cli-linux-arm64": ["@biomejs/cli-linux-arm64@2.5.2", "", { "os": "linux", "cpu": "arm64" }, "sha512-t7sseOmqND57uUWTwlawU6BYj+J06T/9EkydzBhkrgw/FK3QVhjU2wsJR0frljrKZ0/I8A/rYw7284QgqjQfIQ=="],

    "@biomejs/cli-linux-arm64-musl": ["@biomejs/cli-linux-arm64-musl@2.5.2", "", { "os": "linux", "cpu": "arm64" }, "sha512-w+ANG0ZvTu9IeEg9QnstoOnk6L0fpwJifW6aHR18+cb5Z39bkANItYjAfMrnvce5tmMK+IQ6nPX7/kQFdam5iw=="],

    "@biomejs/cli-linux-x64": ["@biomejs/cli-linux-x64@2.5.2", "", { "os": "linux", "cpu": "x64" }, "sha512-M/lOZrewzTCRDINbjhQ1gYYru37KlD3kJBQwwKCG0ckz5E9IZwIoJ3X0wBwRXA+yBDIwWUuPBHS67HzJY4dTfA=="],

    "@biomejs/cli-linux-x64-musl": ["@biomejs/cli-linux-x64-musl@2.5.2", "", { "os": "linux", "cpu": "x64" }, "sha512-VArNLAzND063tF+XY0yPyM+DyahpzOMzOAvb7qs259nhjJWRjvjZdssuA+Rfl+l07+NOesKZ0Xu2yFrXyBMtzw=="],

    "@biomejs/cli-win32-arm64": ["@biomejs/cli-win32-arm64@2.5.2", "", { "os": "win32", "cpu": "arm64" }, "sha512-kbjFFKyZlzYnAuw7sRy5qDoFG6zrP40UK08oPQsWK0ct3NMnGSt+Bs1iviEEyEIP57N5MrykGXdO/wRiaR4lww=="],

    "@biomejs/cli-win32-x64": ["@biomejs/cli-win32-x64@2.5.2", "", { "os": "win32", "cpu": "x64" }, "sha512-4InchVpdVmdkkkgjQqKpgvyu+VPnoF/7RPSw5YATgEVpt2j72wcCAeV5TwaE9ZGJUZWZn7v2CwSAj6CrMJEx8A=="],

    "@mindpeeker/entropy": ["@mindpeeker/entropy@workspace:packages/entropy"],

    "@mindpeeker/flow": ["@mindpeeker/flow@workspace:packages/flow"],

    "@mindpeeker/negentropy": ["@mindpeeker/negentropy@workspace:packages/negentropy"],

    "@mindpeeker/oracle": ["@mindpeeker/oracle@workspace:packages/oracle"],

    "@mindpeeker/psi": ["@mindpeeker/psi@workspace:packages/psi"],

    "@mindpeeker/rate": ["@mindpeeker/rate@workspace:packages/rate"],

    "@mindpeeker/vdf": ["@mindpeeker/vdf@workspace:packages/vdf"],

    "@mindpeeker/visualizer": ["@mindpeeker/visualizer@workspace:packages/visualizer"],

    "@types/bun": ["@types/bun@1.3.14", "", { "dependencies": { "bun-types": "1.3.14" } }, "sha512-h1hFqFVcvAvD9j9K7ZW7vd82aSA+rTdznZa+5bwvCwqSB1jmmfLcbIWhOLx1/+boy/xmjgCs/OMUL8hRJSmnPw=="],

    "@types/node": ["@types/node@24.13.2", "", { "dependencies": { "undici-types": "~7.18.0" } }, "sha512-fRa09kZTgu8o71KFcDjUFuc7F+dEbZYZmkI0mg5YBTRs0yMKjYHsq/c0urDKeDb+D5qVgXOdFcuu+DZPKOITwA=="],

    "bun-types": ["bun-types@1.3.14", "", { "dependencies": { "@types/node": "*" } }, "sha512-4N0ig0fEomHt5R0KCFWjovxow98rIoRwKolrYdCcknNwMekCXRnWEUvgu5soYV8QXtVsrUD8B95MBOZGPvr6KQ=="],

    "typescript": ["typescript@5.9.3", "", { "bin": { "tsc": "bin/tsc", "tsserver": "bin/tsserver" } }, "sha512-jl1vZzPDinLr9eUt3J/t7V6FgNEw9QjvBPdysz9KfQDD41fQrC2Y4vKQdiaUpFT4bXlb1RHhLpp8wtm6M5TgSw=="],

    "undici-types": ["undici-types@7.18.2", "", {}, "sha512-AsuCzffGHJybSaRrmr5eHr81mwJU3kjw6M+uprWvCXiNeN9SOGwQ3Jn8jb8m3Z6izVgknn1R0FTCEAP2QrLY/w=="],

    "bun-types/@types/node": ["@types/node@26.1.0", "", { "dependencies": { "undici-types": "~8.3.0" } }, "sha512-O0A1G3xPGy4w7AgQdAQYUlQ+BKk2Oovw8eRpofyp5KdBZULnbe+WqaOVNrm705SHphCiG4XHsACrSmPu1f+Kgw=="],

    "bun-types/@types/node/undici-types": ["undici-types@8.3.0", "", {}, "sha512-j375ScV60dom+YkPFIfTLcOiPxkN/buHz5GobjLhixFuANaNs3C9l4GmrWqejgXWJ7BbJcFYpTEUkS1Ge8bpZQ=="],
  }
}
